PODS:
  - Flutter (1.0.0)
  - rx_method_channel (0.0.1):
    - Flutter
    - RxCocoa
    - RxSwift (~> 5.1)
  - RxCocoa (5.1.3):
    - RxRelay (~> 5)
    - RxSwift (~> 5)
  - RxRelay (5.1.3):
    - RxSwift (~> 5)
  - RxSwift (5.1.0)

DEPENDENCIES:
  - Flutter (from `Flutter`)
  - rx_method_channel (from `.symlinks/plugins/rx_method_channel/ios`)
  - RxCocoa
  - RxSwift (= 5.1)

SPEC REPOS:
  trunk:
    - RxCocoa
    - RxRelay
    - RxSwift

EXTERNAL SOURCES:
  Flutter:
    :path: Flutter
  rx_method_channel:
    :path: ".symlinks/plugins/rx_method_channel/ios"

SPEC CHECKSUMS:
  Flutter: f04841e97a9d0b0a8025694d0796dd46242b2854
  rx_method_channel: 87081ab16137e98fe48a1a3f6cdeba0e71109cc2
  RxCocoa: e2ed092d5432e4296aa818021d27de4090ac0354
  RxRelay: 5a18c2eb2d68326ebaf0112f80d837ae41b92b97
  RxSwift: ad5874f24bb0dbffd1e9bb8443604e3578796c7a

PODFILE CHECKSUM: b4475f1fc7ea0205e945148b33620317c4911a8e

COCOAPODS: 1.11.3
